
Microsoft Visual Studio Solution File, Format Version 12.00
# Visual Studio Version 16
VisualStudioVersion = 16.0.31911.196
MinimumVisualStudioVersion = 10.0.40219.1
Project("{FAE04EC0-301F-11D3-BF4B-00C04F79EFBC}") = "FrontendApp.Android", "FrontendApp.Android\FrontendApp.Android.csproj", "{EFDBA063-F327-4953-A6C0-501099494731}"
EndProject
Project("{FAE04EC0-301F-11D3-BF4B-00C04F79EFBC}") = "FrontendApp.iOS", "FrontendApp.iOS\FrontendApp.iOS.csproj", "{9755C8D8-E82E-4C39-90ED-C374551EEC97}"
EndProject
Project("{FAE04EC0-301F-11D3-BF4B-00C04F79EFBC}") = "FrontendApp", "FrontendApp\FrontendApp.csproj", "{993D6746-45A0-4B55-AA6A-EF21EB5C4D1E}"
EndProject
Global
	GlobalSection(SolutionConfigurationPlatforms) = preSolution
		Debug|Any CPU = Debug|Any CPU
		Debug|iPhone = Debug|iPhone
		Debug|iPhoneSimulator = Debug|iPhoneSimulator
		Release|Any CPU = Release|Any CPU
		Release|iPhone = Release|iPhone
		Release|iPhoneSimulator = Release|iPhoneSimulator
	EndGlobalSection
	GlobalSection(ProjectConfigurationPlatforms) = postSolution
		{EFDBA063-F327-4953-A6C0-501099494731}.Debug|Any CPU.ActiveCfg = Debug|Any CPU
		{EFDBA063-F327-4953-A6C0-501099494731}.Debug|Any CPU.Build.0 = Debug|Any CPU
		{EFDBA063-F327-4953-A6C0-501099494731}.Debug|Any CPU.Deploy.0 = Debug|Any CPU
		{EFDBA063-F327-4953-A6C0-501099494731}.Debug|iPhone.ActiveCfg = Debug|Any CPU
		{EFDBA063-F327-4953-A6C0-501099494731}.Debug|iPhone.Build.0 = Debug|Any CPU
		{EFDBA063-F327-4953-A6C0-501099494731}.Debug|iPhone.Deploy.0 = Debug|Any CPU
		{EFDBA063-F327-4953-A6C0-501099494731}.Debug|iPhoneSimulator.ActiveCfg = Debug|Any CPU
		{EFDBA063-F327-4953-A6C0-501099494731}.Debug|iPhoneSimulator.Build.0 = Debug|Any CPU
		{EFDBA063-F327-4953-A6C0-501099494731}.Debug|iPhoneSimulator.Deploy.0 = Debug|Any CPU
		{EFDBA063-F327-4953-A6C0-501099494731}.Release|Any CPU.ActiveCfg = Release|Any CPU
		{EFDBA063-F327-4953-A6C0-501099494731}.Release|Any CPU.Build.0 = Release|Any CPU
		{EFDBA063-F327-4953-A6C0-501099494731}.Release|Any CPU.Deploy.0 = Release|Any CPU
		{EFDBA063-F327-4953-A6C0-501099494731}.Release|iPhone.ActiveCfg = Release|Any CPU
		{EFDBA063-F327-4953-A6C0-501099494731}.Release|iPhone.Build.0 = Release|Any CPU
		{EFDBA063-F327-4953-A6C0-501099494731}.Release|iPhone.Deploy.0 = Release|Any CPU
		{EFDBA063-F327-4953-A6C0-501099494731}.Release|iPhoneSimulator.ActiveCfg = Release|Any CPU
		{EFDBA063-F327-4953-A6C0-501099494731}.Release|iPhoneSimulator.Build.0 = Release|Any CPU
		{EFDBA063-F327-4953-A6C0-501099494731}.Release|iPhoneSimulator.Deploy.0 = Release|Any CPU
		{9755C8D8-E82E-4C39-90ED-C374551EEC97}.Debug|Any CPU.ActiveCfg = Debug|iPhone
		{9755C8D8-E82E-4C39-90ED-C374551EEC97}.Debug|Any CPU.Build.0 = Debug|iPhone
		{9755C8D8-E82E-4C39-90ED-C374551EEC97}.Debug|Any CPU.Deploy.0 = Debug|iPhone
		{9755C8D8-E82E-4C39-90ED-C374551EEC97}.Debug|iPhone.ActiveCfg = Debug|iPhone
		{9755C8D8-E82E-4C39-90ED-C374551EEC97}.Debug|iPhone.Build.0 = Debug|iPhone
		{9755C8D8-E82E-4C39-90ED-C374551EEC97}.Debug|iPhone.Deploy.0 = Debug|iPhone
		{9755C8D8-E82E-4C39-90ED-C374551EEC97}.Debug|iPhoneSimulator.ActiveCfg = Debug|iPhoneSimulator
		{9755C8D8-E82E-4C39-90ED-C374551EEC97}.Debug|iPhoneSimulator.Build.0 = Debug|iPhoneSimulator
		{9755C8D8-E82E-4C39-90ED-C374551EEC97}.Debug|iPhoneSimulator.Deploy.0 = Debug|iPhoneSimulator
		{9755C8D8-E82E-4C39-90ED-C374551EEC97}.Release|Any CPU.ActiveCfg = Release|iPhoneSimulator
		{9755C8D8-E82E-4C39-90ED-C374551EEC97}.Release|Any CPU.Build.0 = Release|iPhoneSimulator
		{9755C8D8-E82E-4C39-90ED-C374551EEC97}.Release|Any CPU.Deploy.0 = Release|iPhoneSimulator
		{9755C8D8-E82E-4C39-90ED-C374551EEC97}.Release|iPhone.ActiveCfg = Release|iPhone
		{9755C8D8-E82E-4C39-90ED-C374551EEC97}.Release|iPhone.Build.0 = Release|iPhone
		{9755C8D8-E82E-4C39-90ED-C374551EEC97}.Release|iPhone.Deploy.0 = Release|iPhone
		{9755C8D8-E82E-4C39-90ED-C374551EEC97}.Release|iPhoneSimulator.ActiveCfg = Release|iPhoneSimulator
		{9755C8D8-E82E-4C39-90ED-C374551EEC97}.Release|iPhoneSimulator.Build.0 = Release|iPhoneSimulator
		{9755C8D8-E82E-4C39-90ED-C374551EEC97}.Release|iPhoneSimulator.Deploy.0 = Release|iPhoneSimulator
		{993D6746-45A0-4B55-AA6A-EF21EB5C4D1E}.Debug|Any CPU.ActiveCfg = Debug|Any CPU
		{993D6746-45A0-4B55-AA6A-EF21EB5C4D1E}.Debug|Any CPU.Build.0 = Debug|Any CPU
		{993D6746-45A0-4B55-AA6A-EF21EB5C4D1E}.Debug|Any CPU.Deploy.0 = Debug|Any CPU
		{993D6746-45A0-4B55-AA6A-EF21EB5C4D1E}.Debug|iPhone.ActiveCfg = Debug|Any CPU
		{993D6746-45A0-4B55-AA6A-EF21EB5C4D1E}.Debug|iPhone.Build.0 = Debug|Any CPU
		{993D6746-45A0-4B55-AA6A-EF21EB5C4D1E}.Debug|iPhone.Deploy.0 = Debug|Any CPU
		{993D6746-45A0-4B55-AA6A-EF21EB5C4D1E}.Debug|iPhoneSimulator.ActiveCfg = Debug|Any CPU
		{993D6746-45A0-4B55-AA6A-EF21EB5C4D1E}.Debug|iPhoneSimulator.Build.0 = Debug|Any CPU
		{993D6746-45A0-4B55-AA6A-EF21EB5C4D1E}.Debug|iPhoneSimulator.Deploy.0 = Debug|Any CPU
		{993D6746-45A0-4B55-AA6A-EF21EB5C4D1E}.Release|Any CPU.ActiveCfg = Release|Any CPU
		{993D6746-45A0-4B55-AA6A-EF21EB5C4D1E}.Release|Any CPU.Build.0 = Release|Any CPU
		{993D6746-45A0-4B55-AA6A-EF21EB5C4D1E}.Release|Any CPU.Deploy.0 = Release|Any CPU
		{993D6746-45A0-4B55-AA6A-EF21EB5C4D1E}.Release|iPhone.ActiveCfg = Release|Any CPU
		{993D6746-45A0-4B55-AA6A-EF21EB5C4D1E}.Release|iPhone.Build.0 = Release|Any CPU
		{993D6746-45A0-4B55-AA6A-EF21EB5C4D1E}.Release|iPhone.Deploy.0 = Release|Any CPU
		{993D6746-45A0-4B55-AA6A-EF21EB5C4D1E}.Release|iPhoneSimulator.ActiveCfg = Release|Any CPU
		{993D6746-45A0-4B55-AA6A-EF21EB5C4D1E}.Release|iPhoneSimulator.Build.0 = Release|Any CPU
		{993D6746-45A0-4B55-AA6A-EF21EB5C4D1E}.Release|iPhoneSimulator.Deploy.0 = Release|Any CPU
	EndGlobalSection
	GlobalSection(SolutionProperties) = preSolution
		HideSolutionNode = FALSE
	EndGlobalSection
	GlobalSection(ExtensibilityGlobals) = postSolution
		SolutionGuid = {4011B70D-DF5E-4DF5-95B4-7031C523C5C7}
	EndGlobalSection
EndGlobal
